
Microsoft Visual Studio Solution File, Format Version 12.00
# Visual Studio Version 16
VisualStudioVersion = 16.0.31205.134
MinimumVisualStudioVersion = 10.0.40219.1
Project("{8BC9CEB8-8B4A-11D0-8D11-00A0C91BC942}") = "Piezo", "Piezo\Piezo.vcxproj", "{F5E70A06-209E-4A4A-BA00-8E337D484198}"
EndProject
Global
	GlobalSection(SolutionConfigurationPlatforms) = preSolution
		Debug|x64 = Debug|x64
		Debug|x86 = Debug|x86
		Release|x64 = Release|x64
		Release|x86 = Release|x86
	EndGlobalSection
	GlobalSection(ProjectConfigurationPlatforms) = postSolution
		{F5E70A06-209E-4A4A-BA00-8E337D484198}.Debug|x64.ActiveCfg = Debug|x64
		{F5E70A06-209E-4A4A-BA00-8E337D484198}.Debug|x64.Build.0 = Debug|x64
		{F5E70A06-209E-4A4A-BA00-8E337D484198}.Debug|x86.ActiveCfg = Debug|Win32
		{F5E70A06-209E-4A4A-BA00-8E337D484198}.Debug|x86.Build.0 = Debug|Win32
		{F5E70A06-209E-4A4A-BA00-8E337D484198}.Release|x64.ActiveCfg = Release|x64
		{F5E70A06-209E-4A4A-BA00-8E337D484198}.Release|x64.Build.0 = Release|x64
		{F5E70A06-209E-4A4A-BA00-8E337D484198}.Release|x86.ActiveCfg = Release|Win32
		{F5E70A06-209E-4A4A-BA00-8E337D484198}.Release|x86.Build.0 = Release|Win32
	EndGlobalSection
	GlobalSection(SolutionProperties) = preSolution
		HideSolutionNode = FALSE
	EndGlobalSection
	GlobalSection(ExtensibilityGlobals) = postSolution
		SolutionGuid = {02A733AD-3E54-417A-B19A-064903A70320}
	EndGlobalSection
EndGlobal
